
Microsoft Visual Studio Solution File, Format Version 12.00
# Visual Studio Version 16
VisualStudioVersion = 16.0.28803.452
MinimumVisualStudioVersion = 10.0.40219.1
Project("{FAE04EC0-301F-11D3-BF4B-00C04F79EFBC}") = "DipSWDUITesting", "DipSWDUITesting\DipSWDUITesting.csproj", "{F78FCE40-5B9F-4760-BBCD-BCAB51E3C4FC}"
EndProject
Project("{FAE04EC0-301F-11D3-BF4B-00C04F79EFBC}") = "CodedUITestProject3", "CodedUITestProject3\CodedUITestProject3.csproj", "{53A7AE33-A700-496A-9AE7-C54FBEE48374}"
EndProject
Global
	GlobalSection(SolutionConfigurationPlatforms) = preSolution
		Debug|Any CPU = Debug|Any CPU
		Release|Any CPU = Release|Any CPU
	EndGlobalSection
	GlobalSection(ProjectConfigurationPlatforms) = postSolution
		{F78FCE40-5B9F-4760-BBCD-BCAB51E3C4FC}.Debug|Any CPU.ActiveCfg = Debug|Any CPU
		{F78FCE40-5B9F-4760-BBCD-BCAB51E3C4FC}.Debug|Any CPU.Build.0 = Debug|Any CPU
		{F78FCE40-5B9F-4760-BBCD-BCAB51E3C4FC}.Release|Any CPU.ActiveCfg = Release|Any CPU
		{F78FCE40-5B9F-4760-BBCD-BCAB51E3C4FC}.Release|Any CPU.Build.0 = Release|Any CPU
		{53A7AE33-A700-496A-9AE7-C54FBEE48374}.Debug|Any CPU.ActiveCfg = Debug|Any CPU
		{53A7AE33-A700-496A-9AE7-C54FBEE48374}.Debug|Any CPU.Build.0 = Debug|Any CPU
		{53A7AE33-A700-496A-9AE7-C54FBEE48374}.Release|Any CPU.ActiveCfg = Release|Any CPU
		{53A7AE33-A700-496A-9AE7-C54FBEE48374}.Release|Any CPU.Build.0 = Release|Any CPU
	EndGlobalSection
	GlobalSection(SolutionProperties) = preSolution
		HideSolutionNode = FALSE
	EndGlobalSection
	GlobalSection(ExtensibilityGlobals) = postSolution
		SolutionGuid = {5D4EAB99-C0F7-4CBA-87BD-CAD2CE5C6BE5}
	EndGlobalSection
EndGlobal
